
Microsoft Visual Studio Solution File, Format Version 12.00
# Visual Studio Version 16
VisualStudioVersion = 16.0.31410.357
MinimumVisualStudioVersion = 10.0.40219.1
Project("{9A19103F-16F7-4668-BE54-9A1E7A4F7556}") = "eshopvpp.Web", "eshopvpp.Web\eshopvpp.Web.csproj", "{5F5FDFC2-2057-4F19-AEF3-AADD06C01684}"
EndProject
Project("{2150E333-8FDC-42A3-9474-1A3956D46DE8}") = "Solution Items", "Solution Items", "{93B5A215-E422-4318-9993-DEBD951C2E62}"
	ProjectSection(SolutionItems) = preProject
		README.md = README.md
	EndProjectSection
EndProject
Project("{FAE04EC0-301F-11D3-BF4B-00C04F79EFBC}") = "eshopvpp.Datax", "eshopvpp.Datax\eshopvpp.Datax.csproj", "{CB244BA9-2C5C-4325-9080-F059CD7548D6}"
EndProject
Project("{FAE04EC0-301F-11D3-BF4B-00C04F79EFBC}") = "eshopvpp.Applicationx", "eshopvpp.Applicationx\eshopvpp.Applicationx.csproj", "{B0903127-C4F3-461A-8F2C-323320AB09C1}"
EndProject
Global
	GlobalSection(SolutionConfigurationPlatforms) = preSolution
		Debug|Any CPU = Debug|Any CPU
		Release|Any CPU = Release|Any CPU
	EndGlobalSection
	GlobalSection(ProjectConfigurationPlatforms) = postSolution
		{5F5FDFC2-2057-4F19-AEF3-AADD06C01684}.Debug|Any CPU.ActiveCfg = Debug|Any CPU
		{5F5FDFC2-2057-4F19-AEF3-AADD06C01684}.Debug|Any CPU.Build.0 = Debug|Any CPU
		{5F5FDFC2-2057-4F19-AEF3-AADD06C01684}.Release|Any CPU.ActiveCfg = Release|Any CPU
		{5F5FDFC2-2057-4F19-AEF3-AADD06C01684}.Release|Any CPU.Build.0 = Release|Any CPU
		{CB244BA9-2C5C-4325-9080-F059CD7548D6}.Debug|Any CPU.ActiveCfg = Debug|Any CPU
		{CB244BA9-2C5C-4325-9080-F059CD7548D6}.Debug|Any CPU.Build.0 = Debug|Any CPU
		{CB244BA9-2C5C-4325-9080-F059CD7548D6}.Release|Any CPU.ActiveCfg = Release|Any CPU
		{CB244BA9-2C5C-4325-9080-F059CD7548D6}.Release|Any CPU.Build.0 = Release|Any CPU
		{B0903127-C4F3-461A-8F2C-323320AB09C1}.Debug|Any CPU.ActiveCfg = Debug|Any CPU
		{B0903127-C4F3-461A-8F2C-323320AB09C1}.Debug|Any CPU.Build.0 = Debug|Any CPU
		{B0903127-C4F3-461A-8F2C-323320AB09C1}.Release|Any CPU.ActiveCfg = Release|Any CPU
		{B0903127-C4F3-461A-8F2C-323320AB09C1}.Release|Any CPU.Build.0 = Release|Any CPU
	EndGlobalSection
	GlobalSection(SolutionProperties) = preSolution
		HideSolutionNode = FALSE
	EndGlobalSection
	GlobalSection(ExtensibilityGlobals) = postSolution
		SolutionGuid = {CF9F7EDC-80F5-497D-AAF0-0E0B443C2B3F}
	EndGlobalSection
EndGlobal
